
Microsoft Visual Studio Solution File, Format Version 12.00
Project("{2150E333-8FDC-42A3-9474-1A3956D46DE8}") = "3.Sqs", "3.Sqs", "{26871A42-4FDD-4CEB-BED8-46B2CAB26136}"
EndProject
Project("{2150E333-8FDC-42A3-9474-1A3956D46DE8}") = "4.Sns", "4.Sns", "{F6526194-9EF1-4E1A-8E8F-AAEFF6B9575A}"
EndProject
Project("{2150E333-8FDC-42A3-9474-1A3956D46DE8}") = "5.DynamoDB", "5.DynamoDB", "{03419EE3-2F7A-4D66-BABF-15E95971F563}"
EndProject
Project("{2150E333-8FDC-42A3-9474-1A3956D46DE8}") = "6.S3", "6.S3", "{D9E10F6A-E3DA-4CDB-9447-65F378333E5B}"
EndProject
Project("{2150E333-8FDC-42A3-9474-1A3956D46DE8}") = "7.SecretsManager", "7.SecretsManager", "{B4F45867-5004-4B28-A200-9D1A7729A3C0}"
EndProject
Project("{2150E333-8FDC-42A3-9474-1A3956D46DE8}") = "8.Lambda", "8.Lambda", "{6C334359-6816-4394-B523-3FB2F444D326}"
EndProject
Project("{FAE04EC0-301F-11D3-BF4B-00C04F79EFBC}") = "SqsPublisher", "SqsPublisher\SqsPublisher.csproj", "{A611BD6D-5510-4997-9E3C-1EB8180AE093}"
EndProject
Project("{FAE04EC0-301F-11D3-BF4B-00C04F79EFBC}") = "SqsConsumer", "SqsConsumer\SqsConsumer.csproj", "{35BF6721-D1B1-4519-849B-9A539B8E283C}"
EndProject
Project("{FAE04EC0-301F-11D3-BF4B-00C04F79EFBC}") = "Customers.Api", "Customers.Api\Customers.Api.csproj", "{3036A4DE-FB42-4B48-B3D0-FD7A7B26BB51}"
EndProject
Project("{FAE04EC0-301F-11D3-BF4B-00C04F79EFBC}") = "Customers.Consumer", "Customers.Consumer\Customers.Consumer.csproj", "{278E35C3-B771-47E4-BED3-F3159B0850E6}"
EndProject
Project("{FAE04EC0-301F-11D3-BF4B-00C04F79EFBC}") = "SnsPublisher", "SnsPublisher\SnsPublisher.csproj", "{11D8B73D-A715-43FE-BCAB-D9CE8D5B80C5}"
EndProject
Project("{FAE04EC0-301F-11D3-BF4B-00C04F79EFBC}") = "S3Playground", "S3Playground\S3Playground.csproj", "{21590391-08F5-430D-A3AE-020DFAEF11B7}"
EndProject
Project("{FAE04EC0-301F-11D3-BF4B-00C04F79EFBC}") = "SecretManager.App", "SecretManager.App\SecretManager.App.csproj", "{C211EE0F-816E-4E9B-A292-579FB0D79E66}"
EndProject
Project("{FAE04EC0-301F-11D3-BF4B-00C04F79EFBC}") = "SimpleLambda", "SimpleLambda\src\SimpleLambda\SimpleLambda.csproj", "{FB9F20D7-2E17-4EDB-9A92-8C324B709565}"
EndProject
Project("{FAE04EC0-301F-11D3-BF4B-00C04F79EFBC}") = "SimpleHttpLambda", "SimpleHttpLambda\src\SimpleHttpLambda\SimpleHttpLambda.csproj", "{1156B800-46E5-4C20-8843-4C59BABE6C7E}"
EndProject
Global
	GlobalSection(SolutionConfigurationPlatforms) = preSolution
		Debug|Any CPU = Debug|Any CPU
		Release|Any CPU = Release|Any CPU
	EndGlobalSection
	GlobalSection(NestedProjects) = preSolution
		{A611BD6D-5510-4997-9E3C-1EB8180AE093} = {26871A42-4FDD-4CEB-BED8-46B2CAB26136}
		{35BF6721-D1B1-4519-849B-9A539B8E283C} = {26871A42-4FDD-4CEB-BED8-46B2CAB26136}
		{3036A4DE-FB42-4B48-B3D0-FD7A7B26BB51} = {26871A42-4FDD-4CEB-BED8-46B2CAB26136}
		{278E35C3-B771-47E4-BED3-F3159B0850E6} = {26871A42-4FDD-4CEB-BED8-46B2CAB26136}
		{11D8B73D-A715-43FE-BCAB-D9CE8D5B80C5} = {F6526194-9EF1-4E1A-8E8F-AAEFF6B9575A}
		{21590391-08F5-430D-A3AE-020DFAEF11B7} = {D9E10F6A-E3DA-4CDB-9447-65F378333E5B}
		{C211EE0F-816E-4E9B-A292-579FB0D79E66} = {B4F45867-5004-4B28-A200-9D1A7729A3C0}
		{FB9F20D7-2E17-4EDB-9A92-8C324B709565} = {6C334359-6816-4394-B523-3FB2F444D326}
		{1156B800-46E5-4C20-8843-4C59BABE6C7E} = {6C334359-6816-4394-B523-3FB2F444D326}
	EndGlobalSection
	GlobalSection(ProjectConfigurationPlatforms) = postSolution
		{A611BD6D-5510-4997-9E3C-1EB8180AE093}.Debug|Any CPU.ActiveCfg = Debug|Any CPU
		{A611BD6D-5510-4997-9E3C-1EB8180AE093}.Debug|Any CPU.Build.0 = Debug|Any CPU
		{A611BD6D-5510-4997-9E3C-1EB8180AE093}.Release|Any CPU.ActiveCfg = Release|Any CPU
		{A611BD6D-5510-4997-9E3C-1EB8180AE093}.Release|Any CPU.Build.0 = Release|Any CPU
		{35BF6721-D1B1-4519-849B-9A539B8E283C}.Debug|Any CPU.ActiveCfg = Debug|Any CPU
		{35BF6721-D1B1-4519-849B-9A539B8E283C}.Debug|Any CPU.Build.0 = Debug|Any CPU
		{35BF6721-D1B1-4519-849B-9A539B8E283C}.Release|Any CPU.ActiveCfg = Release|Any CPU
		{35BF6721-D1B1-4519-849B-9A539B8E283C}.Release|Any CPU.Build.0 = Release|Any CPU
		{3036A4DE-FB42-4B48-B3D0-FD7A7B26BB51}.Debug|Any CPU.ActiveCfg = Debug|Any CPU
		{3036A4DE-FB42-4B48-B3D0-FD7A7B26BB51}.Debug|Any CPU.Build.0 = Debug|Any CPU
		{3036A4DE-FB42-4B48-B3D0-FD7A7B26BB51}.Release|Any CPU.ActiveCfg = Release|Any CPU
		{3036A4DE-FB42-4B48-B3D0-FD7A7B26BB51}.Release|Any CPU.Build.0 = Release|Any CPU
		{278E35C3-B771-47E4-BED3-F3159B0850E6}.Debug|Any CPU.ActiveCfg = Debug|Any CPU
		{278E35C3-B771-47E4-BED3-F3159B0850E6}.Debug|Any CPU.Build.0 = Debug|Any CPU
		{278E35C3-B771-47E4-BED3-F3159B0850E6}.Release|Any CPU.ActiveCfg = Release|Any CPU
		{278E35C3-B771-47E4-BED3-F3159B0850E6}.Release|Any CPU.Build.0 = Release|Any CPU
		{11D8B73D-A715-43FE-BCAB-D9CE8D5B80C5}.Debug|Any CPU.ActiveCfg = Debug|Any CPU
		{11D8B73D-A715-43FE-BCAB-D9CE8D5B80C5}.Debug|Any CPU.Build.0 = Debug|Any CPU
		{11D8B73D-A715-43FE-BCAB-D9CE8D5B80C5}.Release|Any CPU.ActiveCfg = Release|Any CPU
		{11D8B73D-A715-43FE-BCAB-D9CE8D5B80C5}.Release|Any CPU.Build.0 = Release|Any CPU
		{21590391-08F5-430D-A3AE-020DFAEF11B7}.Debug|Any CPU.ActiveCfg = Debug|Any CPU
		{21590391-08F5-430D-A3AE-020DFAEF11B7}.Debug|Any CPU.Build.0 = Debug|Any CPU
		{21590391-08F5-430D-A3AE-020DFAEF11B7}.Release|Any CPU.ActiveCfg = Release|Any CPU
		{21590391-08F5-430D-A3AE-020DFAEF11B7}.Release|Any CPU.Build.0 = Release|Any CPU
		{C211EE0F-816E-4E9B-A292-579FB0D79E66}.Debug|Any CPU.ActiveCfg = Debug|Any CPU
		{C211EE0F-816E-4E9B-A292-579FB0D79E66}.Debug|Any CPU.Build.0 = Debug|Any CPU
		{C211EE0F-816E-4E9B-A292-579FB0D79E66}.Release|Any CPU.ActiveCfg = Release|Any CPU
		{C211EE0F-816E-4E9B-A292-579FB0D79E66}.Release|Any CPU.Build.0 = Release|Any CPU
		{FB9F20D7-2E17-4EDB-9A92-8C324B709565}.Debug|Any CPU.ActiveCfg = Debug|Any CPU
		{FB9F20D7-2E17-4EDB-9A92-8C324B709565}.Debug|Any CPU.Build.0 = Debug|Any CPU
		{FB9F20D7-2E17-4EDB-9A92-8C324B709565}.Release|Any CPU.ActiveCfg = Release|Any CPU
		{FB9F20D7-2E17-4EDB-9A92-8C324B709565}.Release|Any CPU.Build.0 = Release|Any CPU
		{1156B800-46E5-4C20-8843-4C59BABE6C7E}.Debug|Any CPU.ActiveCfg = Debug|Any CPU
		{1156B800-46E5-4C20-8843-4C59BABE6C7E}.Debug|Any CPU.Build.0 = Debug|Any CPU
		{1156B800-46E5-4C20-8843-4C59BABE6C7E}.Release|Any CPU.ActiveCfg = Release|Any CPU
		{1156B800-46E5-4C20-8843-4C59BABE6C7E}.Release|Any CPU.Build.0 = Release|Any CPU
	EndGlobalSection
EndGlobal
